
Microsoft Visual Studio Solution File, Format Version 12.00
# Visual Studio Version 16
VisualStudioVersion = 16.0.29318.209
MinimumVisualStudioVersion = 10.0.40219.1
Project("{9A19103F-16F7-4668-BE54-9A1E7A4F7556}") = "todo", "todo.csproj", "{24CF82D3-4B98-4AAF-B3FB-A5A407C7047B}"
EndProject
Global
	GlobalSection(SolutionConfigurationPlatforms) = preSolution
		Debug|Any CPU = Debug|Any CPU
		Release|Any CPU = Release|Any CPU
	EndGlobalSection
	GlobalSection(ProjectConfigurationPlatforms) = postSolution
		{24CF82D3-4B98-4AAF-B3FB-A5A407C7047B}.Debug|Any CPU.ActiveCfg = Debug|Any CPU
		{24CF82D3-4B98-4AAF-B3FB-A5A407C7047B}.Debug|Any CPU.Build.0 = Debug|Any CPU
		{24CF82D3-4B98-4AAF-B3FB-A5A407C7047B}.Release|Any CPU.ActiveCfg = Release|Any CPU
		{24CF82D3-4B98-4AAF-B3FB-A5A407C7047B}.Release|Any CPU.Build.0 = Release|Any CPU
	EndGlobalSection
	GlobalSection(SolutionProperties) = preSolution
		HideSolutionNode = FALSE
	EndGlobalSection
	GlobalSection(ExtensibilityGlobals) = postSolution
		SolutionGuid = {CF9ACBA5-8752-472D-B911-0388CC4FED39}
	EndGlobalSection
EndGlobal
